
Microsoft Visual Studio Solution File, Format Version 12.00
# Visual Studio Version 17
VisualStudioVersion = 17.11.35208.52
MinimumVisualStudioVersion = 10.0.40219.1
Project("{FAE04EC0-301F-11D3-BF4B-00C04F79EFBC}") = "Cmpt291UI", "Cmpt291UI.csproj", "{BBCD64D6-43BA-4292-9440-DCC874F524F9}"
EndProject
Global
	GlobalSection(SolutionConfigurationPlatforms) = preSolution
		Debug|Any CPU = Debug|Any CPU
		Release|Any CPU = Release|Any CPU
	EndGlobalSection
	GlobalSection(ProjectConfigurationPlatforms) = postSolution
		{BBCD64D6-43BA-4292-9440-DCC874F524F9}.Debug|Any CPU.ActiveCfg = Debug|Any CPU
		{BBCD64D6-43BA-4292-9440-DCC874F524F9}.Debug|Any CPU.Build.0 = Debug|Any CPU
		{BBCD64D6-43BA-4292-9440-DCC874F524F9}.Release|Any CPU.ActiveCfg = Release|Any CPU
		{BBCD64D6-43BA-4292-9440-DCC874F524F9}.Release|Any CPU.Build.0 = Release|Any CPU
	EndGlobalSection
	GlobalSection(SolutionProperties) = preSolution
		HideSolutionNode = FALSE
	EndGlobalSection
	GlobalSection(ExtensibilityGlobals) = postSolution
		SolutionGuid = {0F12B444-316D-4F0F-9B22-A7CB103BE22D}
	EndGlobalSection
EndGlobal
